
Microsoft Visual Studio Solution File, Format Version 12.00
# Visual Studio Version 17
VisualStudioVersion = 17.3.32825.248
MinimumVisualStudioVersion = 10.0.40219.1
Project("{2150E333-8FDC-42A3-9474-1A3956D46DE8}") = "src", "src", "{4A0F0B4B-F238-450C-81E6-2298EAA254D2}"
EndProject
Project("{2150E333-8FDC-42A3-9474-1A3956D46DE8}") = "Domain", "Domain", "{73457B07-2566-4BB2-80E6-ADEB909DC9C4}"
EndProject
Project("{2150E333-8FDC-42A3-9474-1A3956D46DE8}") = "Core", "Core", "{7B2C5C79-3DE5-429F-9BA9-AA3D0C0954E9}"
EndProject
Project("{2150E333-8FDC-42A3-9474-1A3956D46DE8}") = "Data", "Data", "{84DF9D02-56BA-442A-92AA-70AF7FA38FE7}"
EndProject
Project("{2150E333-8FDC-42A3-9474-1A3956D46DE8}") = "IoC", "IoC", "{1B24980F-9DD6-4496-95C4-04A4E694C2A0}"
EndProject
Project("{9A19103F-16F7-4668-BE54-9A1E7A4F7556}") = "Twitter.IoC", "Twitter.IoC\Twitter.IoC.csproj", "{1B460A02-EB47-4FBD-B832-5CF83A4BAAD3}"
EndProject
Project("{9A19103F-16F7-4668-BE54-9A1E7A4F7556}") = "Twitter.Domain", "Twitter.Domain\Twitter.Domain.csproj", "{3CBED837-7E10-4469-A789-5F82647C90F7}"
EndProject
Project("{9A19103F-16F7-4668-BE54-9A1E7A4F7556}") = "Twitter.Data", "Twitter.Data\Twitter.Data.csproj", "{038C65D6-3748-41D9-ACAB-3C06365072F2}"
EndProject
Project("{9A19103F-16F7-4668-BE54-9A1E7A4F7556}") = "Twitter.Core", "Twitter.Core\Twitter.Core.csproj", "{8E4E50E7-5F96-4D7C-805D-3592A756C1C8}"
EndProject
Project("{2150E333-8FDC-42A3-9474-1A3956D46DE8}") = "Twitter", "Twitter", "{142C3C3A-4DDA-4D7E-AF61-05E081EDFD25}"
EndProject
Project("{9A19103F-16F7-4668-BE54-9A1E7A4F7556}") = "Twitter.Api", "Twitter\Twitter.Api\Twitter.Api.csproj", "{98173781-1AC3-4039-81D5-79233FC36F53}"
EndProject
Project("{2150E333-8FDC-42A3-9474-1A3956D46DE8}") = "Test", "Test", "{1DDE205A-F35E-479E-BC1C-C0D9BC0C0FC1}"
EndProject
Project("{FAE04EC0-301F-11D3-BF4B-00C04F79EFBC}") = "Twitter.Test", "Twitter.Test\Twitter.Test.csproj", "{147EBB42-C168-4AB5-A621-6FC4CE901493}"
EndProject
Global
	GlobalSection(SolutionConfigurationPlatforms) = preSolution
		Debug|Any CPU = Debug|Any CPU
		Release|Any CPU = Release|Any CPU
	EndGlobalSection
	GlobalSection(ProjectConfigurationPlatforms) = postSolution
		{1B460A02-EB47-4FBD-B832-5CF83A4BAAD3}.Debug|Any CPU.ActiveCfg = Debug|Any CPU
		{1B460A02-EB47-4FBD-B832-5CF83A4BAAD3}.Debug|Any CPU.Build.0 = Debug|Any CPU
		{1B460A02-EB47-4FBD-B832-5CF83A4BAAD3}.Release|Any CPU.ActiveCfg = Release|Any CPU
		{1B460A02-EB47-4FBD-B832-5CF83A4BAAD3}.Release|Any CPU.Build.0 = Release|Any CPU
		{3CBED837-7E10-4469-A789-5F82647C90F7}.Debug|Any CPU.ActiveCfg = Debug|Any CPU
		{3CBED837-7E10-4469-A789-5F82647C90F7}.Debug|Any CPU.Build.0 = Debug|Any CPU
		{3CBED837-7E10-4469-A789-5F82647C90F7}.Release|Any CPU.ActiveCfg = Release|Any CPU
		{3CBED837-7E10-4469-A789-5F82647C90F7}.Release|Any CPU.Build.0 = Release|Any CPU
		{038C65D6-3748-41D9-ACAB-3C06365072F2}.Debug|Any CPU.ActiveCfg = Debug|Any CPU
		{038C65D6-3748-41D9-ACAB-3C06365072F2}.Debug|Any CPU.Build.0 = Debug|Any CPU
		{038C65D6-3748-41D9-ACAB-3C06365072F2}.Release|Any CPU.ActiveCfg = Release|Any CPU
		{038C65D6-3748-41D9-ACAB-3C06365072F2}.Release|Any CPU.Build.0 = Release|Any CPU
		{8E4E50E7-5F96-4D7C-805D-3592A756C1C8}.Debug|Any CPU.ActiveCfg = Debug|Any CPU
		{8E4E50E7-5F96-4D7C-805D-3592A756C1C8}.Debug|Any CPU.Build.0 = Debug|Any CPU
		{8E4E50E7-5F96-4D7C-805D-3592A756C1C8}.Release|Any CPU.ActiveCfg = Release|Any CPU
		{8E4E50E7-5F96-4D7C-805D-3592A756C1C8}.Release|Any CPU.Build.0 = Release|Any CPU
		{98173781-1AC3-4039-81D5-79233FC36F53}.Debug|Any CPU.ActiveCfg = Debug|Any CPU
		{98173781-1AC3-4039-81D5-79233FC36F53}.Debug|Any CPU.Build.0 = Debug|Any CPU
		{98173781-1AC3-4039-81D5-79233FC36F53}.Release|Any CPU.ActiveCfg = Release|Any CPU
		{98173781-1AC3-4039-81D5-79233FC36F53}.Release|Any CPU.Build.0 = Release|Any CPU
		{147EBB42-C168-4AB5-A621-6FC4CE901493}.Debug|Any CPU.ActiveCfg = Debug|Any CPU
		{147EBB42-C168-4AB5-A621-6FC4CE901493}.Debug|Any CPU.Build.0 = Debug|Any CPU
		{147EBB42-C168-4AB5-A621-6FC4CE901493}.Release|Any CPU.ActiveCfg = Release|Any CPU
		{147EBB42-C168-4AB5-A621-6FC4CE901493}.Release|Any CPU.Build.0 = Release|Any CPU
	EndGlobalSection
	GlobalSection(SolutionProperties) = preSolution
		HideSolutionNode = FALSE
	EndGlobalSection
	GlobalSection(NestedProjects) = preSolution
		{73457B07-2566-4BB2-80E6-ADEB909DC9C4} = {4A0F0B4B-F238-450C-81E6-2298EAA254D2}
		{7B2C5C79-3DE5-429F-9BA9-AA3D0C0954E9} = {4A0F0B4B-F238-450C-81E6-2298EAA254D2}
		{84DF9D02-56BA-442A-92AA-70AF7FA38FE7} = {4A0F0B4B-F238-450C-81E6-2298EAA254D2}
		{1B24980F-9DD6-4496-95C4-04A4E694C2A0} = {4A0F0B4B-F238-450C-81E6-2298EAA254D2}
		{1B460A02-EB47-4FBD-B832-5CF83A4BAAD3} = {1B24980F-9DD6-4496-95C4-04A4E694C2A0}
		{3CBED837-7E10-4469-A789-5F82647C90F7} = {73457B07-2566-4BB2-80E6-ADEB909DC9C4}
		{038C65D6-3748-41D9-ACAB-3C06365072F2} = {84DF9D02-56BA-442A-92AA-70AF7FA38FE7}
		{8E4E50E7-5F96-4D7C-805D-3592A756C1C8} = {7B2C5C79-3DE5-429F-9BA9-AA3D0C0954E9}
		{142C3C3A-4DDA-4D7E-AF61-05E081EDFD25} = {4A0F0B4B-F238-450C-81E6-2298EAA254D2}
		{98173781-1AC3-4039-81D5-79233FC36F53} = {142C3C3A-4DDA-4D7E-AF61-05E081EDFD25}
		{1DDE205A-F35E-479E-BC1C-C0D9BC0C0FC1} = {4A0F0B4B-F238-450C-81E6-2298EAA254D2}
		{147EBB42-C168-4AB5-A621-6FC4CE901493} = {1DDE205A-F35E-479E-BC1C-C0D9BC0C0FC1}
	EndGlobalSection
	GlobalSection(ExtensibilityGlobals) = postSolution
		SolutionGuid = {21689DC9-CB80-4F41-BBE9-63EDB6F7C8B0}
	EndGlobalSection
EndGlobal
